{
  "object": {
    "pins": [
      {
        "package": "openssl-apple",
        "repositoryURL": "git@github.com:pia-foss/ios-openssl.git",
        "state": {
          "branch": "main",
          "revision": "8895baef87867f2a2b8a33578d6c634a14b12a9a",
          "version": null
        }
      },
      {
        "package": "SwiftyBeaver",
        "repositoryURL": "https://github.com/SwiftyBeaver/SwiftyBeaver",
        "state": {
          "branch": null,
          "revision": "2c039501d6eeb4d4cd4aec4a8d884ad28862e044",
          "version": "1.9.5"
        }
      }
    ]
  },
  "version": 1
}
